
Microsoft Visual Studio Solution File, Format Version 12.00
# Visual Studio Version 17
VisualStudioVersion = 17.8.34511.84
MinimumVisualStudioVersion = 10.0.40219.1
Project("{2150E333-8FDC-42A3-9474-1A3956D46DE8}") = "tests", "tests", "{7374E4E0-21E3-4718-85B5-36DF767BBA6D}"
EndProject
Project("{2150E333-8FDC-42A3-9474-1A3956D46DE8}") = "src", "src", "{E8669B74-0882-43F1-940B-DBC1EBF9C525}"
EndProject
Project("{2150E333-8FDC-42A3-9474-1A3956D46DE8}") = "lesson1", "lesson1", "{4C621A99-3A54-4B15-9AD1-A221D069DDCD}"
EndProject
Project("{2150E333-8FDC-42A3-9474-1A3956D46DE8}") = "Элементы решения", "Элементы решения", "{BBF42D37-436A-49F1-956B-1134EA24911C}"
	ProjectSection(SolutionItems) = preProject
		README.md = README.md
	EndProjectSection
EndProject
Project("{2150E333-8FDC-42A3-9474-1A3956D46DE8}") = "lesson1", "lesson1", "{70746829-0102-4EE7-BAA3-D8B54D498786}"
EndProject
Project("{9A19103F-16F7-4668-BE54-9A1E7A4F7556}") = "Task6Library", "src\lesson1\Task6Library\Task6Library.csproj", "{A979506C-9F41-42AB-ABD9-318CA260279B}"
EndProject
Project("{9A19103F-16F7-4668-BE54-9A1E7A4F7556}") = "Task6LibraryTests", "tests\lesson1\Task6LibraryTests\Task6LibraryTests.csproj", "{DC20F545-6D9B-4792-BF58-5C316234C38D}"
EndProject
Project("{9A19103F-16F7-4668-BE54-9A1E7A4F7556}") = "Task1Questionnaire", "src\lesson1\Task1Questionnaire\Task1Questionnaire.csproj", "{988D7831-BE73-4912-A4AE-8E507D56DFF3}"
EndProject
Project("{9A19103F-16F7-4668-BE54-9A1E7A4F7556}") = "Task2BodyMassIndex", "src\lesson1\Task2BodyMassIndex\Task2BodyMassIndex.csproj", "{DE77148F-79B2-48E9-A9F2-09D2683F7250}"
EndProject
Project("{9A19103F-16F7-4668-BE54-9A1E7A4F7556}") = "Task3LineLength", "src\lesson1\Task3LineLength\Task3LineLength.csproj", "{13935038-76D3-47C1-AB7F-8A65F42811BB}"
EndProject
Project("{9A19103F-16F7-4668-BE54-9A1E7A4F7556}") = "Task4Swap", "src\lesson1\Task4Swap\Task4Swap.csproj", "{0669C239-A36A-46ED-B92B-3D190E967BF9}"
EndProject
Project("{9A19103F-16F7-4668-BE54-9A1E7A4F7556}") = "Task5SurNameNameCity", "src\lesson1\Task5SurNameNameCity\Task5SurNameNameCity.csproj", "{4B0B7034-A4C2-410C-9842-0EDC198709B0}"
EndProject
Project("{9A19103F-16F7-4668-BE54-9A1E7A4F7556}") = "Task1QuestionnaireTests", "tests\lesson1\Task1QuestionnaireTests\Task1QuestionnaireTests.csproj", "{92E84138-1FB7-4A14-AADB-C9966E3289C8}"
EndProject
Project("{9A19103F-16F7-4668-BE54-9A1E7A4F7556}") = "Task2BodyMassIndexTests", "tests\lesson1\Task2BodyMassIndexTests\Task2BodyMassIndexTests.csproj", "{72A8E430-DBE9-43EE-9B7C-212EE74E6CD3}"
EndProject
Project("{9A19103F-16F7-4668-BE54-9A1E7A4F7556}") = "Task3LineLengthTests", "tests\lesson1\Task3LineLengthTests\Task3LineLengthTests.csproj", "{F1B7D346-5037-4F03-BE7B-AFC0A75A5224}"
EndProject
Project("{9A19103F-16F7-4668-BE54-9A1E7A4F7556}") = "Task4SwapTests", "tests\lesson1\Task4SwapTests\Task4SwapTests.csproj", "{D494D1D0-D98B-49AB-8A2D-106AB04EEDA5}"
EndProject
Project("{9A19103F-16F7-4668-BE54-9A1E7A4F7556}") = "Task5SurNameNameCityTests", "tests\lesson1\Task5SurNameNameCityTests\Task5SurNameNameCityTests.csproj", "{3CF92D7B-C5A8-4524-82E4-D81B061D5BE6}"
EndProject
Project("{2150E333-8FDC-42A3-9474-1A3956D46DE8}") = "lesson2", "lesson2", "{40CC7407-24A2-459F-8D87-1A4CE9335021}"
EndProject
Project("{2150E333-8FDC-42A3-9474-1A3956D46DE8}") = "lesson2", "lesson2", "{CD03ABFE-D1F7-4CFD-AB2D-B4B5E9F69E00}"
EndProject
Project("{9A19103F-16F7-4668-BE54-9A1E7A4F7556}") = "Task1MinimalNumber", "src\lesson2\Task1MinimalNumber\Task1MinimalNumber.csproj", "{1D0807E9-B3B5-468B-A2E6-1320587181CA}"
EndProject
Project("{9A19103F-16F7-4668-BE54-9A1E7A4F7556}") = "Task1MinimalNumberTests", "tests\lesson2\Task1MinimalNumberTests\Task1MinimalNumberTests.csproj", "{A770D5C5-E69F-4485-9A8B-254D8D8EA9C3}"
EndProject
Project("{9A19103F-16F7-4668-BE54-9A1E7A4F7556}") = "Task2NumbersCount", "src\lesson2\Task2NumbersCount\Task2NumbersCount.csproj", "{E2EA1D7B-86D0-457A-AF4D-2F91A046F886}"
EndProject
Project("{9A19103F-16F7-4668-BE54-9A1E7A4F7556}") = "Task2NumbersCountTests", "tests\lesson2\Task2NumbersCountTests\Task2NumbersCountTests.csproj", "{72DECB85-0DF7-4430-83AF-035748FD48F1}"
EndProject
Project("{9A19103F-16F7-4668-BE54-9A1E7A4F7556}") = "Task3CyclicNumbersSum", "src\lesson2\Task3CyclicNumbersSum\Task3CyclicNumbersSum.csproj", "{B97C2048-99EA-4D9A-8D82-1FF4CF5945E6}"
EndProject
Project("{9A19103F-16F7-4668-BE54-9A1E7A4F7556}") = "Task3CyclicNumbersSumTests", "tests\lesson2\Task3CyclicNumbersSumTests\Task3CyclicNumbersSumTests.csproj", "{E72D81E0-648B-45F3-B9E8-83996BF706F7}"
EndProject
Project("{9A19103F-16F7-4668-BE54-9A1E7A4F7556}") = "Task4UserPassword", "src\lesson2\Task4UserPassword\Task4UserPassword.csproj", "{8C359C96-4AE8-4E30-BB63-42912589006E}"
EndProject
Project("{9A19103F-16F7-4668-BE54-9A1E7A4F7556}") = "Task4UserPasswordTests", "tests\lesson2\Task4UserPasswordTests\Task4UserPasswordTests.csproj", "{23DF2496-DDAA-49DB-8695-17B502329D86}"
EndProject
Project("{9A19103F-16F7-4668-BE54-9A1E7A4F7556}") = "Task5BodyMassIndexTests", "tests\lesson2\Task5BodyMassIndexTests\Task5BodyMassIndexTests.csproj", "{82A8A84C-8006-473E-821D-7E6024C9F590}"
EndProject
Project("{9A19103F-16F7-4668-BE54-9A1E7A4F7556}") = "Task5BodyMassIndex", "src\lesson2\Task5BodyMassIndex\Task5BodyMassIndex.csproj", "{B528CA7B-AB01-4CF9-BCF4-A5687A115518}"
EndProject
Project("{9A19103F-16F7-4668-BE54-9A1E7A4F7556}") = "Task6CountOfGoodNumbers", "src\lesson2\Task6CountOfGoodNumbers\Task6CountOfGoodNumbers.csproj", "{3E89F7BE-0B5F-4051-8962-CDA51AF050EA}"
EndProject
Project("{9A19103F-16F7-4668-BE54-9A1E7A4F7556}") = "Task6CountOfGoodNumbersTests", "tests\lesson2\Task6CountOfGoodNumbersTests\Task6CountOfGoodNumbersTests.csproj", "{6E97C69E-4C24-47E7-AE23-31C8DCAB90F9}"
EndProject
Project("{9A19103F-16F7-4668-BE54-9A1E7A4F7556}") = "Task7Recursion", "src\lesson2\Task7Recursion\Task7Recursion.csproj", "{5B0AE311-B8B6-4D5D-A406-9BF3E2AC8C0F}"
EndProject
Project("{9A19103F-16F7-4668-BE54-9A1E7A4F7556}") = "Task7RecursionTests", "tests\lesson2\Task7RecursionTests\Task7RecursionTests.csproj", "{511AD35D-8ED0-441C-A7E6-DAE78F661FEA}"
EndProject
Project("{2150E333-8FDC-42A3-9474-1A3956D46DE8}") = "lesson3", "lesson3", "{C452EDF0-E902-4413-95A5-960330E8E043}"
EndProject
Project("{2150E333-8FDC-42A3-9474-1A3956D46DE8}") = "lesson3", "lesson3", "{2B3A76E0-4A43-4A1F-9809-901A5620138C}"
EndProject
Project("{9A19103F-16F7-4668-BE54-9A1E7A4F7556}") = "Task1Complex", "src\lesson3\Task1Complex\Task1Complex.csproj", "{31057BA5-B00C-4F80-8B64-85BC6C5BAD19}"
EndProject
Project("{9A19103F-16F7-4668-BE54-9A1E7A4F7556}") = "Task1ComplexTests", "tests\lesson3\Task1ComplexTests\Task1ComplexTests.csproj", "{77D24BBC-650D-4667-A746-DBBEC79D24BA}"
EndProject
Project("{9A19103F-16F7-4668-BE54-9A1E7A4F7556}") = "Task2Numbers", "src\lesson3\Task2Numbers\Task2Numbers.csproj", "{8A24BE4B-0D68-4DF2-86E9-A1FAFF8B2BDB}"
EndProject
Project("{9A19103F-16F7-4668-BE54-9A1E7A4F7556}") = "Task2NumbersTests", "tests\lesson3\Task2NumbersTests\Task2NumbersTests.csproj", "{38482C6F-E095-4429-9D86-978E3CC7FEB2}"
EndProject
Project("{9A19103F-16F7-4668-BE54-9A1E7A4F7556}") = "Task3RationalTests", "tests\lesson3\Task3RationalTests\Task3RationalTests.csproj", "{B6ECE0D4-BDC6-444A-82ED-3587450F9EAF}"
EndProject
Project("{9A19103F-16F7-4668-BE54-9A1E7A4F7556}") = "Task3Rational", "src\lesson3\Task3Rational\Task3Rational.csproj", "{05300FA4-E310-4F4B-BDF0-17DEBD6FB82F}"
EndProject
Project("{2150E333-8FDC-42A3-9474-1A3956D46DE8}") = "lesson4", "lesson4", "{EED634F7-85BC-4AF4-B832-3A7D0F80B314}"
EndProject
Project("{2150E333-8FDC-42A3-9474-1A3956D46DE8}") = "lesson4", "lesson4", "{0FEA8BC0-A82E-4B27-A249-B292B0852A4E}"
EndProject
Project("{9A19103F-16F7-4668-BE54-9A1E7A4F7556}") = "Task1CountPairsInArray", "src\lesson4\Task1CountPairsInArray\Task1CountPairsInArray.csproj", "{7614787C-37B7-4889-9F66-4659834029CC}"
EndProject
Project("{9A19103F-16F7-4668-BE54-9A1E7A4F7556}") = "Task1CountPairsInArrayTests", "tests\lesson4\Task1CountPairsInArrayTests\Task1CountPairsInArrayTests.csproj", "{48D23E47-7DD8-47C6-9434-65A38D7F701C}"
EndProject
Project("{9A19103F-16F7-4668-BE54-9A1E7A4F7556}") = "Task2StaticClass", "src\lesson4\Task2StaticClass\Task2StaticClass.csproj", "{DD5BE96E-7081-4C53-B4A5-53D636E97DFB}"
EndProject
Project("{9A19103F-16F7-4668-BE54-9A1E7A4F7556}") = "Task2StaticClassTests", "tests\lesson4\Task2StaticClassTests\Task2StaticClassTests.csproj", "{84B9F15F-DAC0-41A1-9B33-74892F675333}"
EndProject
Project("{9A19103F-16F7-4668-BE54-9A1E7A4F7556}") = "Task3BestArrayApp", "src\lesson4\Task3BestArrayApp\Task3BestArrayApp.csproj", "{8AA4DCD3-DBF0-4523-8BC5-3C886665A338}"
EndProject
Project("{9A19103F-16F7-4668-BE54-9A1E7A4F7556}") = "Task3BestArrayClassTests", "tests\lesson4\Task3BestArrayAppTests\Task3BestArrayClassTests.csproj", "{D68F8F25-3A1D-497A-8699-F2EE337AF7C9}"
EndProject
Project("{9A19103F-16F7-4668-BE54-9A1E7A4F7556}") = "Task3BestArrayClass", "src\lesson4\Task3BestArrayClass\Task3BestArrayClass.csproj", "{5A71298D-2D8C-4FC1-82FB-F7ED452B90E7}"
EndProject
Project("{9A19103F-16F7-4668-BE54-9A1E7A4F7556}") = "Task4UserPasswords", "src\lesson4\Task4UserPasswords\Task4UserPasswords.csproj", "{2B8BD297-DCD6-41EE-8946-F125E0A2B3C6}"
EndProject
Project("{9A19103F-16F7-4668-BE54-9A1E7A4F7556}") = "Task4UserPasswordsTests", "tests\lesson4\Task4UserPasswordsTests\Task4UserPasswordsTests.csproj", "{D659F788-427D-47F0-96A1-24BB8ECF3154}"
EndProject
Project("{9A19103F-16F7-4668-BE54-9A1E7A4F7556}") = "Task5TwoDimensionalArrayApp", "src\lesson4\Task5TwoDimensionalArrayApp\Task5TwoDimensionalArrayApp.csproj", "{4D6C5C81-8BFD-4174-8EAB-4F3A545833E8}"
EndProject
Project("{9A19103F-16F7-4668-BE54-9A1E7A4F7556}") = "Task5TwoDimensionalArrayClassTests", "tests\lesson4\Task5TwoDimensionalArrayClassTests\Task5TwoDimensionalArrayClassTests.csproj", "{8C66E87B-CA55-45FB-B15F-59BEF6CF89A8}"
EndProject
Project("{9A19103F-16F7-4668-BE54-9A1E7A4F7556}") = "Task5TwoDimensionalArrayClass", "src\lesson4\Task5TwoDimensionalArrayClass\Task5TwoDimensionalArrayClass.csproj", "{17C7421D-01B3-43E8-BAD1-638D3978EDD3}"
EndProject
Project("{2150E333-8FDC-42A3-9474-1A3956D46DE8}") = "lesson5", "lesson5", "{97DA3075-FEB3-43CF-A44D-CE30875DC3B1}"
EndProject
Project("{2150E333-8FDC-42A3-9474-1A3956D46DE8}") = "lesson5", "lesson5", "{D16F0ABA-FB2B-44DD-82A6-5CF4D5D05303}"
EndProject
Project("{9A19103F-16F7-4668-BE54-9A1E7A4F7556}") = "Task1CheckLogin", "src\lesson5\Task1CheckLogin\Task1CheckLogin.csproj", "{471C8216-0F65-478E-AA07-80BAF500C020}"
EndProject
Project("{9A19103F-16F7-4668-BE54-9A1E7A4F7556}") = "Task1CheckLoginTests", "tests\lesson5\Task1CheckLoginTests\Task1CheckLoginTests.csproj", "{79EE0A5F-13C4-41AA-9B3B-5E88EE34E4A6}"
EndProject
Project("{9A19103F-16F7-4668-BE54-9A1E7A4F7556}") = "Task2StaticClassMessageTests", "tests\lesson5\Task2StaticClassMessageTests\Task2StaticClassMessageTests.csproj", "{46EC7587-2870-481B-A55A-A8ABC8C9F851}"
EndProject
Project("{9A19103F-16F7-4668-BE54-9A1E7A4F7556}") = "Task2StaticClassMessage", "src\lesson5\Task2StaticClassMessage\Task2StaticClassMessage.csproj", "{5CC758B5-5384-4594-8F71-31CAA090EB63}"
EndProject
Project("{9A19103F-16F7-4668-BE54-9A1E7A4F7556}") = "Task3StringComparison", "src\lesson5\Task3StringComparison\Task3StringComparison.csproj", "{7C842511-E952-4076-8ED1-431585CC1C24}"
EndProject
Project("{9A19103F-16F7-4668-BE54-9A1E7A4F7556}") = "Task3StringComparisonTests", "tests\lesson5\Task3StringComparisonTests\Task3StringComparisonTests.csproj", "{4796E338-8C33-41D9-910C-D17B3EB99C5B}"
EndProject
Project("{9A19103F-16F7-4668-BE54-9A1E7A4F7556}") = "Task4Exams", "src\lesson5\Task4Exams\Task4Exams.csproj", "{7AEF4FA8-E76C-4205-B14A-E78A4C429E4C}"
EndProject
Project("{9A19103F-16F7-4668-BE54-9A1E7A4F7556}") = "Task4ExamsTests", "tests\lesson5\Task4ExamsTests\Task4ExamsTests.csproj", "{F97082BC-C68E-42F7-BCB5-1FBD88788BCC}"
EndProject
Project("{2150E333-8FDC-42A3-9474-1A3956D46DE8}") = "lesson6", "lesson6", "{C1895C8D-E563-48FB-9A3E-6D7D30507845}"
EndProject
Project("{2150E333-8FDC-42A3-9474-1A3956D46DE8}") = "lesson6", "lesson6", "{A06BDEDD-6329-4099-9162-7698467EE09A}"
EndProject
Project("{9A19103F-16F7-4668-BE54-9A1E7A4F7556}") = "Task1FunctionsTable", "src\lesson6\Task1FunctionsTable\Task1FunctionsTable.csproj", "{B79BAB9E-BBB7-4058-95BA-3FB46FAA7E6D}"
EndProject
Project("{9A19103F-16F7-4668-BE54-9A1E7A4F7556}") = "Task1FunctionsTableTests", "tests\lesson6\Task1FunctionsTableTests\Task1FunctionsTableTests.csproj", "{6EDFE897-087E-4F3B-9A17-E735C7705354}"
EndProject
Project("{9A19103F-16F7-4668-BE54-9A1E7A4F7556}") = "Task2FuncMinimum", "src\lesson6\Task2FuncMinimum\Task2FuncMinimum.csproj", "{C75E9C6E-C5C7-4894-95CC-C0516196E88E}"
EndProject
Project("{9A19103F-16F7-4668-BE54-9A1E7A4F7556}") = "Task2FuncMinimumTests", "tests\lesson6\Task2FuncMinimumTests\Task2FuncMinimumTests.csproj", "{9F9C96B3-559E-4EBD-9C1B-5B9DDC4A26F8}"
EndProject
Project("{9A19103F-16F7-4668-BE54-9A1E7A4F7556}") = "Task3StudentsTests", "tests\lesson6\Task3StudentsTests\Task3StudentsTests.csproj", "{D57246B7-FBA1-4164-96E5-44946A41926F}"
EndProject
Project("{9A19103F-16F7-4668-BE54-9A1E7A4F7556}") = "Task3Students", "src\lesson6\Task3Students\Task3Students.csproj", "{0D33DB6E-893E-4ADE-8685-A92B5A1C8D17}"
EndProject
Project("{9A19103F-16F7-4668-BE54-9A1E7A4F7556}") = "Task4WriteReadFile", "src\lesson6\Task4WriteReadFile\Task4WriteReadFile.csproj", "{9FE1A2A5-5C4F-402E-B372-301F26BAC7DD}"
EndProject
Project("{9A19103F-16F7-4668-BE54-9A1E7A4F7556}") = "Task4WriteReadFileTests", "tests\lesson6\Task4WriteReadFileTests\Task4WriteReadFileTests.csproj", "{554AC6AC-61C8-4A10-BDC9-1675CE598AED}"
EndProject
Project("{2150E333-8FDC-42A3-9474-1A3956D46DE8}") = "lesson7", "lesson7", "{E7ED2CE6-3D00-44F9-A59D-9E9DDB873019}"
EndProject
Project("{2150E333-8FDC-42A3-9474-1A3956D46DE8}") = "lesson7", "lesson7", "{F149144B-4BC4-4D03-93E5-326E53BA6FEC}"
EndProject
Project("{9A19103F-16F7-4668-BE54-9A1E7A4F7556}") = "Task1DoublerCore", "src\lesson7\Task1DoublerCore\Task1DoublerCore.csproj", "{766C575C-92FF-4E50-96F4-119149DCD8E9}"
EndProject
Project("{9A19103F-16F7-4668-BE54-9A1E7A4F7556}") = "Task1DoublerCoreTests", "tests\lesson7\Task1DoublerCoreTests\Task1DoublerCoreTests.csproj", "{00A1FAB5-BD6B-4DDF-B08B-2EB1BF9C1DEB}"
EndProject
Project("{9A19103F-16F7-4668-BE54-9A1E7A4F7556}") = "Task1DoublerApp", "src\lesson7\Task1DoublerApp\Task1DoublerApp.csproj", "{A0B84A56-F871-482F-90C2-9DDC3AD78DDD}"
EndProject
Project("{FAE04EC0-301F-11D3-BF4B-00C04F79EFBC}") = "Task2GuessNumberApp", "src\lesson7\Task2GuessNumberApp\Task2GuessNumberApp.csproj", "{A8FF1391-B1CC-4BA3-A4B4-45EA3C62F0D4}"
EndProject
Project("{FAE04EC0-301F-11D3-BF4B-00C04F79EFBC}") = "Task2GuessNumberCore", "src\lesson7\Task2GuessNumberCore\Task2GuessNumberCore.csproj", "{EDCA4AE8-B265-46BB-AFDD-6CB8439B3EFC}"
EndProject
Project("{FAE04EC0-301F-11D3-BF4B-00C04F79EFBC}") = "Task2GuessNumberCoreTests", "tests\lesson7\Task2GuessNumberCoreTests\Task2GuessNumberCoreTests.csproj", "{620645D0-0E9C-497A-8F42-2B5541612C8B}"
EndProject
Global
	GlobalSection(SolutionConfigurationPlatforms) = preSolution
		Debug|Any CPU = Debug|Any CPU
		Release|Any CPU = Release|Any CPU
	EndGlobalSection
	GlobalSection(ProjectConfigurationPlatforms) = postSolution
		{A979506C-9F41-42AB-ABD9-318CA260279B}.Debug|Any CPU.ActiveCfg = Debug|Any CPU
		{A979506C-9F41-42AB-ABD9-318CA260279B}.Debug|Any CPU.Build.0 = Debug|Any CPU
		{A979506C-9F41-42AB-ABD9-318CA260279B}.Release|Any CPU.ActiveCfg = Release|Any CPU
		{A979506C-9F41-42AB-ABD9-318CA260279B}.Release|Any CPU.Build.0 = Release|Any CPU
		{DC20F545-6D9B-4792-BF58-5C316234C38D}.Debug|Any CPU.ActiveCfg = Debug|Any CPU
		{DC20F545-6D9B-4792-BF58-5C316234C38D}.Debug|Any CPU.Build.0 = Debug|Any CPU
		{DC20F545-6D9B-4792-BF58-5C316234C38D}.Release|Any CPU.ActiveCfg = Release|Any CPU
		{DC20F545-6D9B-4792-BF58-5C316234C38D}.Release|Any CPU.Build.0 = Release|Any CPU
		{988D7831-BE73-4912-A4AE-8E507D56DFF3}.Debug|Any CPU.ActiveCfg = Debug|Any CPU
		{988D7831-BE73-4912-A4AE-8E507D56DFF3}.Debug|Any CPU.Build.0 = Debug|Any CPU
		{988D7831-BE73-4912-A4AE-8E507D56DFF3}.Release|Any CPU.ActiveCfg = Release|Any CPU
		{988D7831-BE73-4912-A4AE-8E507D56DFF3}.Release|Any CPU.Build.0 = Release|Any CPU
		{DE77148F-79B2-48E9-A9F2-09D2683F7250}.Debug|Any CPU.ActiveCfg = Debug|Any CPU
		{DE77148F-79B2-48E9-A9F2-09D2683F7250}.Debug|Any CPU.Build.0 = Debug|Any CPU
		{DE77148F-79B2-48E9-A9F2-09D2683F7250}.Release|Any CPU.ActiveCfg = Release|Any CPU
		{DE77148F-79B2-48E9-A9F2-09D2683F7250}.Release|Any CPU.Build.0 = Release|Any CPU
		{13935038-76D3-47C1-AB7F-8A65F42811BB}.Debug|Any CPU.ActiveCfg = Debug|Any CPU
		{13935038-76D3-47C1-AB7F-8A65F42811BB}.Debug|Any CPU.Build.0 = Debug|Any CPU
		{13935038-76D3-47C1-AB7F-8A65F42811BB}.Release|Any CPU.ActiveCfg = Release|Any CPU
		{13935038-76D3-47C1-AB7F-8A65F42811BB}.Release|Any CPU.Build.0 = Release|Any CPU
		{0669C239-A36A-46ED-B92B-3D190E967BF9}.Debug|Any CPU.ActiveCfg = Debug|Any CPU
		{0669C239-A36A-46ED-B92B-3D190E967BF9}.Debug|Any CPU.Build.0 = Debug|Any CPU
		{0669C239-A36A-46ED-B92B-3D190E967BF9}.Release|Any CPU.ActiveCfg = Release|Any CPU
		{0669C239-A36A-46ED-B92B-3D190E967BF9}.Release|Any CPU.Build.0 = Release|Any CPU
		{4B0B7034-A4C2-410C-9842-0EDC198709B0}.Debug|Any CPU.ActiveCfg = Debug|Any CPU
		{4B0B7034-A4C2-410C-9842-0EDC198709B0}.Debug|Any CPU.Build.0 = Debug|Any CPU
		{4B0B7034-A4C2-410C-9842-0EDC198709B0}.Release|Any CPU.ActiveCfg = Release|Any CPU
		{4B0B7034-A4C2-410C-9842-0EDC198709B0}.Release|Any CPU.Build.0 = Release|Any CPU
		{92E84138-1FB7-4A14-AADB-C9966E3289C8}.Debug|Any CPU.ActiveCfg = Debug|Any CPU
		{92E84138-1FB7-4A14-AADB-C9966E3289C8}.Debug|Any CPU.Build.0 = Debug|Any CPU
		{92E84138-1FB7-4A14-AADB-C9966E3289C8}.Release|Any CPU.ActiveCfg = Release|Any CPU
		{92E84138-1FB7-4A14-AADB-C9966E3289C8}.Release|Any CPU.Build.0 = Release|Any CPU
		{72A8E430-DBE9-43EE-9B7C-212EE74E6CD3}.Debug|Any CPU.ActiveCfg = Debug|Any CPU
		{72A8E430-DBE9-43EE-9B7C-212EE74E6CD3}.Debug|Any CPU.Build.0 = Debug|Any CPU
		{72A8E430-DBE9-43EE-9B7C-212EE74E6CD3}.Release|Any CPU.ActiveCfg = Release|Any CPU
		{72A8E430-DBE9-43EE-9B7C-212EE74E6CD3}.Release|Any CPU.Build.0 = Release|Any CPU
		{F1B7D346-5037-4F03-BE7B-AFC0A75A5224}.Debug|Any CPU.ActiveCfg = Debug|Any CPU
		{F1B7D346-5037-4F03-BE7B-AFC0A75A5224}.Debug|Any CPU.Build.0 = Debug|Any CPU
		{F1B7D346-5037-4F03-BE7B-AFC0A75A5224}.Release|Any CPU.ActiveCfg = Release|Any CPU
		{F1B7D346-5037-4F03-BE7B-AFC0A75A5224}.Release|Any CPU.Build.0 = Release|Any CPU
		{D494D1D0-D98B-49AB-8A2D-106AB04EEDA5}.Debug|Any CPU.ActiveCfg = Debug|Any CPU
		{D494D1D0-D98B-49AB-8A2D-106AB04EEDA5}.Debug|Any CPU.Build.0 = Debug|Any CPU
		{D494D1D0-D98B-49AB-8A2D-106AB04EEDA5}.Release|Any CPU.ActiveCfg = Release|Any CPU
		{D494D1D0-D98B-49AB-8A2D-106AB04EEDA5}.Release|Any CPU.Build.0 = Release|Any CPU
		{3CF92D7B-C5A8-4524-82E4-D81B061D5BE6}.Debug|Any CPU.ActiveCfg = Debug|Any CPU
		{3CF92D7B-C5A8-4524-82E4-D81B061D5BE6}.Debug|Any CPU.Build.0 = Debug|Any CPU
		{3CF92D7B-C5A8-4524-82E4-D81B061D5BE6}.Release|Any CPU.ActiveCfg = Release|Any CPU
		{3CF92D7B-C5A8-4524-82E4-D81B061D5BE6}.Release|Any CPU.Build.0 = Release|Any CPU
		{1D0807E9-B3B5-468B-A2E6-1320587181CA}.Debug|Any CPU.ActiveCfg = Debug|Any CPU
		{1D0807E9-B3B5-468B-A2E6-1320587181CA}.Debug|Any CPU.Build.0 = Debug|Any CPU
		{1D0807E9-B3B5-468B-A2E6-1320587181CA}.Release|Any CPU.ActiveCfg = Release|Any CPU
		{1D0807E9-B3B5-468B-A2E6-1320587181CA}.Release|Any CPU.Build.0 = Release|Any CPU
		{A770D5C5-E69F-4485-9A8B-254D8D8EA9C3}.Debug|Any CPU.ActiveCfg = Debug|Any CPU
		{A770D5C5-E69F-4485-9A8B-254D8D8EA9C3}.Debug|Any CPU.Build.0 = Debug|Any CPU
		{A770D5C5-E69F-4485-9A8B-254D8D8EA9C3}.Release|Any CPU.ActiveCfg = Release|Any CPU
		{A770D5C5-E69F-4485-9A8B-254D8D8EA9C3}.Release|Any CPU.Build.0 = Release|Any CPU
		{E2EA1D7B-86D0-457A-AF4D-2F91A046F886}.Debug|Any CPU.ActiveCfg = Debug|Any CPU
		{E2EA1D7B-86D0-457A-AF4D-2F91A046F886}.Debug|Any CPU.Build.0 = Debug|Any CPU
		{E2EA1D7B-86D0-457A-AF4D-2F91A046F886}.Release|Any CPU.ActiveCfg = Release|Any CPU
		{E2EA1D7B-86D0-457A-AF4D-2F91A046F886}.Release|Any CPU.Build.0 = Release|Any CPU
		{72DECB85-0DF7-4430-83AF-035748FD48F1}.Debug|Any CPU.ActiveCfg = Debug|Any CPU
		{72DECB85-0DF7-4430-83AF-035748FD48F1}.Debug|Any CPU.Build.0 = Debug|Any CPU
		{72DECB85-0DF7-4430-83AF-035748FD48F1}.Release|Any CPU.ActiveCfg = Release|Any CPU
		{72DECB85-0DF7-4430-83AF-035748FD48F1}.Release|Any CPU.Build.0 = Release|Any CPU
		{B97C2048-99EA-4D9A-8D82-1FF4CF5945E6}.Debug|Any CPU.ActiveCfg = Debug|Any CPU
		{B97C2048-99EA-4D9A-8D82-1FF4CF5945E6}.Debug|Any CPU.Build.0 = Debug|Any CPU
		{B97C2048-99EA-4D9A-8D82-1FF4CF5945E6}.Release|Any CPU.ActiveCfg = Release|Any CPU
		{B97C2048-99EA-4D9A-8D82-1FF4CF5945E6}.Release|Any CPU.Build.0 = Release|Any CPU
		{E72D81E0-648B-45F3-B9E8-83996BF706F7}.Debug|Any CPU.ActiveCfg = Debug|Any CPU
		{E72D81E0-648B-45F3-B9E8-83996BF706F7}.Debug|Any CPU.Build.0 = Debug|Any CPU
		{E72D81E0-648B-45F3-B9E8-83996BF706F7}.Release|Any CPU.ActiveCfg = Release|Any CPU
		{E72D81E0-648B-45F3-B9E8-83996BF706F7}.Release|Any CPU.Build.0 = Release|Any CPU
		{8C359C96-4AE8-4E30-BB63-42912589006E}.Debug|Any CPU.ActiveCfg = Debug|Any CPU
		{8C359C96-4AE8-4E30-BB63-42912589006E}.Debug|Any CPU.Build.0 = Debug|Any CPU
		{8C359C96-4AE8-4E30-BB63-42912589006E}.Release|Any CPU.ActiveCfg = Release|Any CPU
		{8C359C96-4AE8-4E30-BB63-42912589006E}.Release|Any CPU.Build.0 = Release|Any CPU
		{23DF2496-DDAA-49DB-8695-17B502329D86}.Debug|Any CPU.ActiveCfg = Debug|Any CPU
		{23DF2496-DDAA-49DB-8695-17B502329D86}.Debug|Any CPU.Build.0 = Debug|Any CPU
		{23DF2496-DDAA-49DB-8695-17B502329D86}.Release|Any CPU.ActiveCfg = Release|Any CPU
		{23DF2496-DDAA-49DB-8695-17B502329D86}.Release|Any CPU.Build.0 = Release|Any CPU
		{82A8A84C-8006-473E-821D-7E6024C9F590}.Debug|Any CPU.ActiveCfg = Debug|Any CPU
		{82A8A84C-8006-473E-821D-7E6024C9F590}.Debug|Any CPU.Build.0 = Debug|Any CPU
		{82A8A84C-8006-473E-821D-7E6024C9F590}.Release|Any CPU.ActiveCfg = Release|Any CPU
		{82A8A84C-8006-473E-821D-7E6024C9F590}.Release|Any CPU.Build.0 = Release|Any CPU
		{B528CA7B-AB01-4CF9-BCF4-A5687A115518}.Debug|Any CPU.ActiveCfg = Debug|Any CPU
		{B528CA7B-AB01-4CF9-BCF4-A5687A115518}.Debug|Any CPU.Build.0 = Debug|Any CPU
		{B528CA7B-AB01-4CF9-BCF4-A5687A115518}.Release|Any CPU.ActiveCfg = Release|Any CPU
		{B528CA7B-AB01-4CF9-BCF4-A5687A115518}.Release|Any CPU.Build.0 = Release|Any CPU
		{3E89F7BE-0B5F-4051-8962-CDA51AF050EA}.Debug|Any CPU.ActiveCfg = Debug|Any CPU
		{3E89F7BE-0B5F-4051-8962-CDA51AF050EA}.Debug|Any CPU.Build.0 = Debug|Any CPU
		{3E89F7BE-0B5F-4051-8962-CDA51AF050EA}.Release|Any CPU.ActiveCfg = Release|Any CPU
		{3E89F7BE-0B5F-4051-8962-CDA51AF050EA}.Release|Any CPU.Build.0 = Release|Any CPU
		{6E97C69E-4C24-47E7-AE23-31C8DCAB90F9}.Debug|Any CPU.ActiveCfg = Debug|Any CPU
		{6E97C69E-4C24-47E7-AE23-31C8DCAB90F9}.Debug|Any CPU.Build.0 = Debug|Any CPU
		{6E97C69E-4C24-47E7-AE23-31C8DCAB90F9}.Release|Any CPU.ActiveCfg = Release|Any CPU
		{6E97C69E-4C24-47E7-AE23-31C8DCAB90F9}.Release|Any CPU.Build.0 = Release|Any CPU
		{5B0AE311-B8B6-4D5D-A406-9BF3E2AC8C0F}.Debug|Any CPU.ActiveCfg = Debug|Any CPU
		{5B0AE311-B8B6-4D5D-A406-9BF3E2AC8C0F}.Debug|Any CPU.Build.0 = Debug|Any CPU
		{5B0AE311-B8B6-4D5D-A406-9BF3E2AC8C0F}.Release|Any CPU.ActiveCfg = Release|Any CPU
		{5B0AE311-B8B6-4D5D-A406-9BF3E2AC8C0F}.Release|Any CPU.Build.0 = Release|Any CPU
		{511AD35D-8ED0-441C-A7E6-DAE78F661FEA}.Debug|Any CPU.ActiveCfg = Debug|Any CPU
		{511AD35D-8ED0-441C-A7E6-DAE78F661FEA}.Debug|Any CPU.Build.0 = Debug|Any CPU
		{511AD35D-8ED0-441C-A7E6-DAE78F661FEA}.Release|Any CPU.ActiveCfg = Release|Any CPU
		{511AD35D-8ED0-441C-A7E6-DAE78F661FEA}.Release|Any CPU.Build.0 = Release|Any CPU
		{31057BA5-B00C-4F80-8B64-85BC6C5BAD19}.Debug|Any CPU.ActiveCfg = Debug|Any CPU
		{31057BA5-B00C-4F80-8B64-85BC6C5BAD19}.Debug|Any CPU.Build.0 = Debug|Any CPU
		{31057BA5-B00C-4F80-8B64-85BC6C5BAD19}.Release|Any CPU.ActiveCfg = Release|Any CPU
		{31057BA5-B00C-4F80-8B64-85BC6C5BAD19}.Release|Any CPU.Build.0 = Release|Any CPU
		{77D24BBC-650D-4667-A746-DBBEC79D24BA}.Debug|Any CPU.ActiveCfg = Debug|Any CPU
		{77D24BBC-650D-4667-A746-DBBEC79D24BA}.Debug|Any CPU.Build.0 = Debug|Any CPU
		{77D24BBC-650D-4667-A746-DBBEC79D24BA}.Release|Any CPU.ActiveCfg = Release|Any CPU
		{77D24BBC-650D-4667-A746-DBBEC79D24BA}.Release|Any CPU.Build.0 = Release|Any CPU
		{8A24BE4B-0D68-4DF2-86E9-A1FAFF8B2BDB}.Debug|Any CPU.ActiveCfg = Debug|Any CPU
		{8A24BE4B-0D68-4DF2-86E9-A1FAFF8B2BDB}.Debug|Any CPU.Build.0 = Debug|Any CPU
		{8A24BE4B-0D68-4DF2-86E9-A1FAFF8B2BDB}.Release|Any CPU.ActiveCfg = Release|Any CPU
		{8A24BE4B-0D68-4DF2-86E9-A1FAFF8B2BDB}.Release|Any CPU.Build.0 = Release|Any CPU
		{38482C6F-E095-4429-9D86-978E3CC7FEB2}.Debug|Any CPU.ActiveCfg = Debug|Any CPU
		{38482C6F-E095-4429-9D86-978E3CC7FEB2}.Debug|Any CPU.Build.0 = Debug|Any CPU
		{38482C6F-E095-4429-9D86-978E3CC7FEB2}.Release|Any CPU.ActiveCfg = Release|Any CPU
		{38482C6F-E095-4429-9D86-978E3CC7FEB2}.Release|Any CPU.Build.0 = Release|Any CPU
		{B6ECE0D4-BDC6-444A-82ED-3587450F9EAF}.Debug|Any CPU.ActiveCfg = Debug|Any CPU
		{B6ECE0D4-BDC6-444A-82ED-3587450F9EAF}.Debug|Any CPU.Build.0 = Debug|Any CPU
		{B6ECE0D4-BDC6-444A-82ED-3587450F9EAF}.Release|Any CPU.ActiveCfg = Release|Any CPU
		{B6ECE0D4-BDC6-444A-82ED-3587450F9EAF}.Release|Any CPU.Build.0 = Release|Any CPU
		{05300FA4-E310-4F4B-BDF0-17DEBD6FB82F}.Debug|Any CPU.ActiveCfg = Debug|Any CPU
		{05300FA4-E310-4F4B-BDF0-17DEBD6FB82F}.Debug|Any CPU.Build.0 = Debug|Any CPU
		{05300FA4-E310-4F4B-BDF0-17DEBD6FB82F}.Release|Any CPU.ActiveCfg = Release|Any CPU
		{05300FA4-E310-4F4B-BDF0-17DEBD6FB82F}.Release|Any CPU.Build.0 = Release|Any CPU
		{7614787C-37B7-4889-9F66-4659834029CC}.Debug|Any CPU.ActiveCfg = Debug|Any CPU
		{7614787C-37B7-4889-9F66-4659834029CC}.Debug|Any CPU.Build.0 = Debug|Any CPU
		{7614787C-37B7-4889-9F66-4659834029CC}.Release|Any CPU.ActiveCfg = Release|Any CPU
		{7614787C-37B7-4889-9F66-4659834029CC}.Release|Any CPU.Build.0 = Release|Any CPU
		{48D23E47-7DD8-47C6-9434-65A38D7F701C}.Debug|Any CPU.ActiveCfg = Debug|Any CPU
		{48D23E47-7DD8-47C6-9434-65A38D7F701C}.Debug|Any CPU.Build.0 = Debug|Any CPU
		{48D23E47-7DD8-47C6-9434-65A38D7F701C}.Release|Any CPU.ActiveCfg = Release|Any CPU
		{48D23E47-7DD8-47C6-9434-65A38D7F701C}.Release|Any CPU.Build.0 = Release|Any CPU
		{DD5BE96E-7081-4C53-B4A5-53D636E97DFB}.Debug|Any CPU.ActiveCfg = Debug|Any CPU
		{DD5BE96E-7081-4C53-B4A5-53D636E97DFB}.Debug|Any CPU.Build.0 = Debug|Any CPU
		{DD5BE96E-7081-4C53-B4A5-53D636E97DFB}.Release|Any CPU.ActiveCfg = Release|Any CPU
		{DD5BE96E-7081-4C53-B4A5-53D636E97DFB}.Release|Any CPU.Build.0 = Release|Any CPU
		{84B9F15F-DAC0-41A1-9B33-74892F675333}.Debug|Any CPU.ActiveCfg = Debug|Any CPU
		{84B9F15F-DAC0-41A1-9B33-74892F675333}.Debug|Any CPU.Build.0 = Debug|Any CPU
		{84B9F15F-DAC0-41A1-9B33-74892F675333}.Release|Any CPU.ActiveCfg = Release|Any CPU
		{84B9F15F-DAC0-41A1-9B33-74892F675333}.Release|Any CPU.Build.0 = Release|Any CPU
		{8AA4DCD3-DBF0-4523-8BC5-3C886665A338}.Debug|Any CPU.ActiveCfg = Debug|Any CPU
		{8AA4DCD3-DBF0-4523-8BC5-3C886665A338}.Debug|Any CPU.Build.0 = Debug|Any CPU
		{8AA4DCD3-DBF0-4523-8BC5-3C886665A338}.Release|Any CPU.ActiveCfg = Release|Any CPU
		{8AA4DCD3-DBF0-4523-8BC5-3C886665A338}.Release|Any CPU.Build.0 = Release|Any CPU
		{D68F8F25-3A1D-497A-8699-F2EE337AF7C9}.Debug|Any CPU.ActiveCfg = Debug|Any CPU
		{D68F8F25-3A1D-497A-8699-F2EE337AF7C9}.Debug|Any CPU.Build.0 = Debug|Any CPU
		{D68F8F25-3A1D-497A-8699-F2EE337AF7C9}.Release|Any CPU.ActiveCfg = Release|Any CPU
		{D68F8F25-3A1D-497A-8699-F2EE337AF7C9}.Release|Any CPU.Build.0 = Release|Any CPU
		{5A71298D-2D8C-4FC1-82FB-F7ED452B90E7}.Debug|Any CPU.ActiveCfg = Debug|Any CPU
		{5A71298D-2D8C-4FC1-82FB-F7ED452B90E7}.Debug|Any CPU.Build.0 = Debug|Any CPU
		{5A71298D-2D8C-4FC1-82FB-F7ED452B90E7}.Release|Any CPU.ActiveCfg = Release|Any CPU
		{5A71298D-2D8C-4FC1-82FB-F7ED452B90E7}.Release|Any CPU.Build.0 = Release|Any CPU
		{2B8BD297-DCD6-41EE-8946-F125E0A2B3C6}.Debug|Any CPU.ActiveCfg = Debug|Any CPU
		{2B8BD297-DCD6-41EE-8946-F125E0A2B3C6}.Debug|Any CPU.Build.0 = Debug|Any CPU
		{2B8BD297-DCD6-41EE-8946-F125E0A2B3C6}.Release|Any CPU.ActiveCfg = Release|Any CPU
		{2B8BD297-DCD6-41EE-8946-F125E0A2B3C6}.Release|Any CPU.Build.0 = Release|Any CPU
		{D659F788-427D-47F0-96A1-24BB8ECF3154}.Debug|Any CPU.ActiveCfg = Debug|Any CPU
		{D659F788-427D-47F0-96A1-24BB8ECF3154}.Debug|Any CPU.Build.0 = Debug|Any CPU
		{D659F788-427D-47F0-96A1-24BB8ECF3154}.Release|Any CPU.ActiveCfg = Release|Any CPU
		{D659F788-427D-47F0-96A1-24BB8ECF3154}.Release|Any CPU.Build.0 = Release|Any CPU
		{4D6C5C81-8BFD-4174-8EAB-4F3A545833E8}.Debug|Any CPU.ActiveCfg = Debug|Any CPU
		{4D6C5C81-8BFD-4174-8EAB-4F3A545833E8}.Debug|Any CPU.Build.0 = Debug|Any CPU
		{4D6C5C81-8BFD-4174-8EAB-4F3A545833E8}.Release|Any CPU.ActiveCfg = Release|Any CPU
		{4D6C5C81-8BFD-4174-8EAB-4F3A545833E8}.Release|Any CPU.Build.0 = Release|Any CPU
		{8C66E87B-CA55-45FB-B15F-59BEF6CF89A8}.Debug|Any CPU.ActiveCfg = Debug|Any CPU
		{8C66E87B-CA55-45FB-B15F-59BEF6CF89A8}.Debug|Any CPU.Build.0 = Debug|Any CPU
		{8C66E87B-CA55-45FB-B15F-59BEF6CF89A8}.Release|Any CPU.ActiveCfg = Release|Any CPU
		{8C66E87B-CA55-45FB-B15F-59BEF6CF89A8}.Release|Any CPU.Build.0 = Release|Any CPU
		{17C7421D-01B3-43E8-BAD1-638D3978EDD3}.Debug|Any CPU.ActiveCfg = Debug|Any CPU
		{17C7421D-01B3-43E8-BAD1-638D3978EDD3}.Debug|Any CPU.Build.0 = Debug|Any CPU
		{17C7421D-01B3-43E8-BAD1-638D3978EDD3}.Release|Any CPU.ActiveCfg = Release|Any CPU
		{17C7421D-01B3-43E8-BAD1-638D3978EDD3}.Release|Any CPU.Build.0 = Release|Any CPU
		{471C8216-0F65-478E-AA07-80BAF500C020}.Debug|Any CPU.ActiveCfg = Debug|Any CPU
		{471C8216-0F65-478E-AA07-80BAF500C020}.Debug|Any CPU.Build.0 = Debug|Any CPU
		{471C8216-0F65-478E-AA07-80BAF500C020}.Release|Any CPU.ActiveCfg = Release|Any CPU
		{471C8216-0F65-478E-AA07-80BAF500C020}.Release|Any CPU.Build.0 = Release|Any CPU
		{79EE0A5F-13C4-41AA-9B3B-5E88EE34E4A6}.Debug|Any CPU.ActiveCfg = Debug|Any CPU
		{79EE0A5F-13C4-41AA-9B3B-5E88EE34E4A6}.Debug|Any CPU.Build.0 = Debug|Any CPU
		{79EE0A5F-13C4-41AA-9B3B-5E88EE34E4A6}.Release|Any CPU.ActiveCfg = Release|Any CPU
		{79EE0A5F-13C4-41AA-9B3B-5E88EE34E4A6}.Release|Any CPU.Build.0 = Release|Any CPU
		{46EC7587-2870-481B-A55A-A8ABC8C9F851}.Debug|Any CPU.ActiveCfg = Debug|Any CPU
		{46EC7587-2870-481B-A55A-A8ABC8C9F851}.Debug|Any CPU.Build.0 = Debug|Any CPU
		{46EC7587-2870-481B-A55A-A8ABC8C9F851}.Release|Any CPU.ActiveCfg = Release|Any CPU
		{46EC7587-2870-481B-A55A-A8ABC8C9F851}.Release|Any CPU.Build.0 = Release|Any CPU
		{5CC758B5-5384-4594-8F71-31CAA090EB63}.Debug|Any CPU.ActiveCfg = Debug|Any CPU
		{5CC758B5-5384-4594-8F71-31CAA090EB63}.Debug|Any CPU.Build.0 = Debug|Any CPU
		{5CC758B5-5384-4594-8F71-31CAA090EB63}.Release|Any CPU.ActiveCfg = Release|Any CPU
		{5CC758B5-5384-4594-8F71-31CAA090EB63}.Release|Any CPU.Build.0 = Release|Any CPU
		{7C842511-E952-4076-8ED1-431585CC1C24}.Debug|Any CPU.ActiveCfg = Debug|Any CPU
		{7C842511-E952-4076-8ED1-431585CC1C24}.Debug|Any CPU.Build.0 = Debug|Any CPU
		{7C842511-E952-4076-8ED1-431585CC1C24}.Release|Any CPU.ActiveCfg = Release|Any CPU
		{7C842511-E952-4076-8ED1-431585CC1C24}.Release|Any CPU.Build.0 = Release|Any CPU
		{4796E338-8C33-41D9-910C-D17B3EB99C5B}.Debug|Any CPU.ActiveCfg = Debug|Any CPU
		{4796E338-8C33-41D9-910C-D17B3EB99C5B}.Debug|Any CPU.Build.0 = Debug|Any CPU
		{4796E338-8C33-41D9-910C-D17B3EB99C5B}.Release|Any CPU.ActiveCfg = Release|Any CPU
		{4796E338-8C33-41D9-910C-D17B3EB99C5B}.Release|Any CPU.Build.0 = Release|Any CPU
		{7AEF4FA8-E76C-4205-B14A-E78A4C429E4C}.Debug|Any CPU.ActiveCfg = Debug|Any CPU
		{7AEF4FA8-E76C-4205-B14A-E78A4C429E4C}.Debug|Any CPU.Build.0 = Debug|Any CPU
		{7AEF4FA8-E76C-4205-B14A-E78A4C429E4C}.Release|Any CPU.ActiveCfg = Release|Any CPU
		{7AEF4FA8-E76C-4205-B14A-E78A4C429E4C}.Release|Any CPU.Build.0 = Release|Any CPU
		{F97082BC-C68E-42F7-BCB5-1FBD88788BCC}.Debug|Any CPU.ActiveCfg = Debug|Any CPU
		{F97082BC-C68E-42F7-BCB5-1FBD88788BCC}.Debug|Any CPU.Build.0 = Debug|Any CPU
		{F97082BC-C68E-42F7-BCB5-1FBD88788BCC}.Release|Any CPU.ActiveCfg = Release|Any CPU
		{F97082BC-C68E-42F7-BCB5-1FBD88788BCC}.Release|Any CPU.Build.0 = Release|Any CPU
		{B79BAB9E-BBB7-4058-95BA-3FB46FAA7E6D}.Debug|Any CPU.ActiveCfg = Debug|Any CPU
		{B79BAB9E-BBB7-4058-95BA-3FB46FAA7E6D}.Debug|Any CPU.Build.0 = Debug|Any CPU
		{B79BAB9E-BBB7-4058-95BA-3FB46FAA7E6D}.Release|Any CPU.ActiveCfg = Release|Any CPU
		{B79BAB9E-BBB7-4058-95BA-3FB46FAA7E6D}.Release|Any CPU.Build.0 = Release|Any CPU
		{6EDFE897-087E-4F3B-9A17-E735C7705354}.Debug|Any CPU.ActiveCfg = Debug|Any CPU
		{6EDFE897-087E-4F3B-9A17-E735C7705354}.Debug|Any CPU.Build.0 = Debug|Any CPU
		{6EDFE897-087E-4F3B-9A17-E735C7705354}.Release|Any CPU.ActiveCfg = Release|Any CPU
		{6EDFE897-087E-4F3B-9A17-E735C7705354}.Release|Any CPU.Build.0 = Release|Any CPU
		{C75E9C6E-C5C7-4894-95CC-C0516196E88E}.Debug|Any CPU.ActiveCfg = Debug|Any CPU
		{C75E9C6E-C5C7-4894-95CC-C0516196E88E}.Debug|Any CPU.Build.0 = Debug|Any CPU
		{C75E9C6E-C5C7-4894-95CC-C0516196E88E}.Release|Any CPU.ActiveCfg = Release|Any CPU
		{C75E9C6E-C5C7-4894-95CC-C0516196E88E}.Release|Any CPU.Build.0 = Release|Any CPU
		{9F9C96B3-559E-4EBD-9C1B-5B9DDC4A26F8}.Debug|Any CPU.ActiveCfg = Debug|Any CPU
		{9F9C96B3-559E-4EBD-9C1B-5B9DDC4A26F8}.Debug|Any CPU.Build.0 = Debug|Any CPU
		{9F9C96B3-559E-4EBD-9C1B-5B9DDC4A26F8}.Release|Any CPU.ActiveCfg = Release|Any CPU
		{9F9C96B3-559E-4EBD-9C1B-5B9DDC4A26F8}.Release|Any CPU.Build.0 = Release|Any CPU
		{D57246B7-FBA1-4164-96E5-44946A41926F}.Debug|Any CPU.ActiveCfg = Debug|Any CPU
		{D57246B7-FBA1-4164-96E5-44946A41926F}.Debug|Any CPU.Build.0 = Debug|Any CPU
		{D57246B7-FBA1-4164-96E5-44946A41926F}.Release|Any CPU.ActiveCfg = Release|Any CPU
		{D57246B7-FBA1-4164-96E5-44946A41926F}.Release|Any CPU.Build.0 = Release|Any CPU
		{0D33DB6E-893E-4ADE-8685-A92B5A1C8D17}.Debug|Any CPU.ActiveCfg = Debug|Any CPU
		{0D33DB6E-893E-4ADE-8685-A92B5A1C8D17}.Debug|Any CPU.Build.0 = Debug|Any CPU
		{0D33DB6E-893E-4ADE-8685-A92B5A1C8D17}.Release|Any CPU.ActiveCfg = Release|Any CPU
		{0D33DB6E-893E-4ADE-8685-A92B5A1C8D17}.Release|Any CPU.Build.0 = Release|Any CPU
		{9FE1A2A5-5C4F-402E-B372-301F26BAC7DD}.Debug|Any CPU.ActiveCfg = Debug|Any CPU
		{9FE1A2A5-5C4F-402E-B372-301F26BAC7DD}.Debug|Any CPU.Build.0 = Debug|Any CPU
		{9FE1A2A5-5C4F-402E-B372-301F26BAC7DD}.Release|Any CPU.ActiveCfg = Release|Any CPU
		{9FE1A2A5-5C4F-402E-B372-301F26BAC7DD}.Release|Any CPU.Build.0 = Release|Any CPU
		{554AC6AC-61C8-4A10-BDC9-1675CE598AED}.Debug|Any CPU.ActiveCfg = Debug|Any CPU
		{554AC6AC-61C8-4A10-BDC9-1675CE598AED}.Debug|Any CPU.Build.0 = Debug|Any CPU
		{554AC6AC-61C8-4A10-BDC9-1675CE598AED}.Release|Any CPU.ActiveCfg = Release|Any CPU
		{554AC6AC-61C8-4A10-BDC9-1675CE598AED}.Release|Any CPU.Build.0 = Release|Any CPU
		{766C575C-92FF-4E50-96F4-119149DCD8E9}.Debug|Any CPU.ActiveCfg = Debug|Any CPU
		{766C575C-92FF-4E50-96F4-119149DCD8E9}.Debug|Any CPU.Build.0 = Debug|Any CPU
		{766C575C-92FF-4E50-96F4-119149DCD8E9}.Release|Any CPU.ActiveCfg = Release|Any CPU
		{766C575C-92FF-4E50-96F4-119149DCD8E9}.Release|Any CPU.Build.0 = Release|Any CPU
		{00A1FAB5-BD6B-4DDF-B08B-2EB1BF9C1DEB}.Debug|Any CPU.ActiveCfg = Debug|Any CPU
		{00A1FAB5-BD6B-4DDF-B08B-2EB1BF9C1DEB}.Debug|Any CPU.Build.0 = Debug|Any CPU
		{00A1FAB5-BD6B-4DDF-B08B-2EB1BF9C1DEB}.Release|Any CPU.ActiveCfg = Release|Any CPU
		{00A1FAB5-BD6B-4DDF-B08B-2EB1BF9C1DEB}.Release|Any CPU.Build.0 = Release|Any CPU
		{A0B84A56-F871-482F-90C2-9DDC3AD78DDD}.Debug|Any CPU.ActiveCfg = Debug|Any CPU
		{A0B84A56-F871-482F-90C2-9DDC3AD78DDD}.Debug|Any CPU.Build.0 = Debug|Any CPU
		{A0B84A56-F871-482F-90C2-9DDC3AD78DDD}.Release|Any CPU.ActiveCfg = Release|Any CPU
		{A0B84A56-F871-482F-90C2-9DDC3AD78DDD}.Release|Any CPU.Build.0 = Release|Any CPU
		{A8FF1391-B1CC-4BA3-A4B4-45EA3C62F0D4}.Debug|Any CPU.ActiveCfg = Debug|Any CPU
		{A8FF1391-B1CC-4BA3-A4B4-45EA3C62F0D4}.Debug|Any CPU.Build.0 = Debug|Any CPU
		{A8FF1391-B1CC-4BA3-A4B4-45EA3C62F0D4}.Release|Any CPU.ActiveCfg = Release|Any CPU
		{A8FF1391-B1CC-4BA3-A4B4-45EA3C62F0D4}.Release|Any CPU.Build.0 = Release|Any CPU
		{EDCA4AE8-B265-46BB-AFDD-6CB8439B3EFC}.Debug|Any CPU.ActiveCfg = Debug|Any CPU
		{EDCA4AE8-B265-46BB-AFDD-6CB8439B3EFC}.Debug|Any CPU.Build.0 = Debug|Any CPU
		{EDCA4AE8-B265-46BB-AFDD-6CB8439B3EFC}.Release|Any CPU.ActiveCfg = Release|Any CPU
		{EDCA4AE8-B265-46BB-AFDD-6CB8439B3EFC}.Release|Any CPU.Build.0 = Release|Any CPU
		{620645D0-0E9C-497A-8F42-2B5541612C8B}.Debug|Any CPU.ActiveCfg = Debug|Any CPU
		{620645D0-0E9C-497A-8F42-2B5541612C8B}.Debug|Any CPU.Build.0 = Debug|Any CPU
		{620645D0-0E9C-497A-8F42-2B5541612C8B}.Release|Any CPU.ActiveCfg = Release|Any CPU
		{620645D0-0E9C-497A-8F42-2B5541612C8B}.Release|Any CPU.Build.0 = Release|Any CPU
	EndGlobalSection
	GlobalSection(SolutionProperties) = preSolution
		HideSolutionNode = FALSE
	EndGlobalSection
	GlobalSection(NestedProjects) = preSolution
		{4C621A99-3A54-4B15-9AD1-A221D069DDCD} = {E8669B74-0882-43F1-940B-DBC1EBF9C525}
		{70746829-0102-4EE7-BAA3-D8B54D498786} = {7374E4E0-21E3-4718-85B5-36DF767BBA6D}
		{A979506C-9F41-42AB-ABD9-318CA260279B} = {4C621A99-3A54-4B15-9AD1-A221D069DDCD}
		{DC20F545-6D9B-4792-BF58-5C316234C38D} = {70746829-0102-4EE7-BAA3-D8B54D498786}
		{988D7831-BE73-4912-A4AE-8E507D56DFF3} = {4C621A99-3A54-4B15-9AD1-A221D069DDCD}
		{DE77148F-79B2-48E9-A9F2-09D2683F7250} = {4C621A99-3A54-4B15-9AD1-A221D069DDCD}
		{13935038-76D3-47C1-AB7F-8A65F42811BB} = {4C621A99-3A54-4B15-9AD1-A221D069DDCD}
		{0669C239-A36A-46ED-B92B-3D190E967BF9} = {4C621A99-3A54-4B15-9AD1-A221D069DDCD}
		{4B0B7034-A4C2-410C-9842-0EDC198709B0} = {4C621A99-3A54-4B15-9AD1-A221D069DDCD}
		{92E84138-1FB7-4A14-AADB-C9966E3289C8} = {70746829-0102-4EE7-BAA3-D8B54D498786}
		{72A8E430-DBE9-43EE-9B7C-212EE74E6CD3} = {70746829-0102-4EE7-BAA3-D8B54D498786}
		{F1B7D346-5037-4F03-BE7B-AFC0A75A5224} = {70746829-0102-4EE7-BAA3-D8B54D498786}
		{D494D1D0-D98B-49AB-8A2D-106AB04EEDA5} = {70746829-0102-4EE7-BAA3-D8B54D498786}
		{3CF92D7B-C5A8-4524-82E4-D81B061D5BE6} = {70746829-0102-4EE7-BAA3-D8B54D498786}
		{40CC7407-24A2-459F-8D87-1A4CE9335021} = {E8669B74-0882-43F1-940B-DBC1EBF9C525}
		{CD03ABFE-D1F7-4CFD-AB2D-B4B5E9F69E00} = {7374E4E0-21E3-4718-85B5-36DF767BBA6D}
		{1D0807E9-B3B5-468B-A2E6-1320587181CA} = {40CC7407-24A2-459F-8D87-1A4CE9335021}
		{A770D5C5-E69F-4485-9A8B-254D8D8EA9C3} = {CD03ABFE-D1F7-4CFD-AB2D-B4B5E9F69E00}
		{E2EA1D7B-86D0-457A-AF4D-2F91A046F886} = {40CC7407-24A2-459F-8D87-1A4CE9335021}
		{72DECB85-0DF7-4430-83AF-035748FD48F1} = {CD03ABFE-D1F7-4CFD-AB2D-B4B5E9F69E00}
		{B97C2048-99EA-4D9A-8D82-1FF4CF5945E6} = {40CC7407-24A2-459F-8D87-1A4CE9335021}
		{E72D81E0-648B-45F3-B9E8-83996BF706F7} = {CD03ABFE-D1F7-4CFD-AB2D-B4B5E9F69E00}
		{8C359C96-4AE8-4E30-BB63-42912589006E} = {40CC7407-24A2-459F-8D87-1A4CE9335021}
		{23DF2496-DDAA-49DB-8695-17B502329D86} = {CD03ABFE-D1F7-4CFD-AB2D-B4B5E9F69E00}
		{82A8A84C-8006-473E-821D-7E6024C9F590} = {CD03ABFE-D1F7-4CFD-AB2D-B4B5E9F69E00}
		{B528CA7B-AB01-4CF9-BCF4-A5687A115518} = {40CC7407-24A2-459F-8D87-1A4CE9335021}
		{3E89F7BE-0B5F-4051-8962-CDA51AF050EA} = {40CC7407-24A2-459F-8D87-1A4CE9335021}
		{6E97C69E-4C24-47E7-AE23-31C8DCAB90F9} = {CD03ABFE-D1F7-4CFD-AB2D-B4B5E9F69E00}
		{5B0AE311-B8B6-4D5D-A406-9BF3E2AC8C0F} = {40CC7407-24A2-459F-8D87-1A4CE9335021}
		{511AD35D-8ED0-441C-A7E6-DAE78F661FEA} = {CD03ABFE-D1F7-4CFD-AB2D-B4B5E9F69E00}
		{C452EDF0-E902-4413-95A5-960330E8E043} = {E8669B74-0882-43F1-940B-DBC1EBF9C525}
		{2B3A76E0-4A43-4A1F-9809-901A5620138C} = {7374E4E0-21E3-4718-85B5-36DF767BBA6D}
		{31057BA5-B00C-4F80-8B64-85BC6C5BAD19} = {C452EDF0-E902-4413-95A5-960330E8E043}
		{77D24BBC-650D-4667-A746-DBBEC79D24BA} = {2B3A76E0-4A43-4A1F-9809-901A5620138C}
		{8A24BE4B-0D68-4DF2-86E9-A1FAFF8B2BDB} = {C452EDF0-E902-4413-95A5-960330E8E043}
		{38482C6F-E095-4429-9D86-978E3CC7FEB2} = {2B3A76E0-4A43-4A1F-9809-901A5620138C}
		{B6ECE0D4-BDC6-444A-82ED-3587450F9EAF} = {2B3A76E0-4A43-4A1F-9809-901A5620138C}
		{05300FA4-E310-4F4B-BDF0-17DEBD6FB82F} = {C452EDF0-E902-4413-95A5-960330E8E043}
		{EED634F7-85BC-4AF4-B832-3A7D0F80B314} = {E8669B74-0882-43F1-940B-DBC1EBF9C525}
		{0FEA8BC0-A82E-4B27-A249-B292B0852A4E} = {7374E4E0-21E3-4718-85B5-36DF767BBA6D}
		{7614787C-37B7-4889-9F66-4659834029CC} = {EED634F7-85BC-4AF4-B832-3A7D0F80B314}
		{48D23E47-7DD8-47C6-9434-65A38D7F701C} = {0FEA8BC0-A82E-4B27-A249-B292B0852A4E}
		{DD5BE96E-7081-4C53-B4A5-53D636E97DFB} = {EED634F7-85BC-4AF4-B832-3A7D0F80B314}
		{84B9F15F-DAC0-41A1-9B33-74892F675333} = {0FEA8BC0-A82E-4B27-A249-B292B0852A4E}
		{8AA4DCD3-DBF0-4523-8BC5-3C886665A338} = {EED634F7-85BC-4AF4-B832-3A7D0F80B314}
		{D68F8F25-3A1D-497A-8699-F2EE337AF7C9} = {0FEA8BC0-A82E-4B27-A249-B292B0852A4E}
		{5A71298D-2D8C-4FC1-82FB-F7ED452B90E7} = {EED634F7-85BC-4AF4-B832-3A7D0F80B314}
		{2B8BD297-DCD6-41EE-8946-F125E0A2B3C6} = {EED634F7-85BC-4AF4-B832-3A7D0F80B314}
		{D659F788-427D-47F0-96A1-24BB8ECF3154} = {0FEA8BC0-A82E-4B27-A249-B292B0852A4E}
		{4D6C5C81-8BFD-4174-8EAB-4F3A545833E8} = {EED634F7-85BC-4AF4-B832-3A7D0F80B314}
		{8C66E87B-CA55-45FB-B15F-59BEF6CF89A8} = {0FEA8BC0-A82E-4B27-A249-B292B0852A4E}
		{17C7421D-01B3-43E8-BAD1-638D3978EDD3} = {EED634F7-85BC-4AF4-B832-3A7D0F80B314}
		{97DA3075-FEB3-43CF-A44D-CE30875DC3B1} = {E8669B74-0882-43F1-940B-DBC1EBF9C525}
		{D16F0ABA-FB2B-44DD-82A6-5CF4D5D05303} = {7374E4E0-21E3-4718-85B5-36DF767BBA6D}
		{471C8216-0F65-478E-AA07-80BAF500C020} = {97DA3075-FEB3-43CF-A44D-CE30875DC3B1}
		{79EE0A5F-13C4-41AA-9B3B-5E88EE34E4A6} = {D16F0ABA-FB2B-44DD-82A6-5CF4D5D05303}
		{46EC7587-2870-481B-A55A-A8ABC8C9F851} = {D16F0ABA-FB2B-44DD-82A6-5CF4D5D05303}
		{5CC758B5-5384-4594-8F71-31CAA090EB63} = {97DA3075-FEB3-43CF-A44D-CE30875DC3B1}
		{7C842511-E952-4076-8ED1-431585CC1C24} = {97DA3075-FEB3-43CF-A44D-CE30875DC3B1}
		{4796E338-8C33-41D9-910C-D17B3EB99C5B} = {D16F0ABA-FB2B-44DD-82A6-5CF4D5D05303}
		{7AEF4FA8-E76C-4205-B14A-E78A4C429E4C} = {97DA3075-FEB3-43CF-A44D-CE30875DC3B1}
		{F97082BC-C68E-42F7-BCB5-1FBD88788BCC} = {D16F0ABA-FB2B-44DD-82A6-5CF4D5D05303}
		{C1895C8D-E563-48FB-9A3E-6D7D30507845} = {E8669B74-0882-43F1-940B-DBC1EBF9C525}
		{A06BDEDD-6329-4099-9162-7698467EE09A} = {7374E4E0-21E3-4718-85B5-36DF767BBA6D}
		{B79BAB9E-BBB7-4058-95BA-3FB46FAA7E6D} = {C1895C8D-E563-48FB-9A3E-6D7D30507845}
		{6EDFE897-087E-4F3B-9A17-E735C7705354} = {A06BDEDD-6329-4099-9162-7698467EE09A}
		{C75E9C6E-C5C7-4894-95CC-C0516196E88E} = {C1895C8D-E563-48FB-9A3E-6D7D30507845}
		{9F9C96B3-559E-4EBD-9C1B-5B9DDC4A26F8} = {A06BDEDD-6329-4099-9162-7698467EE09A}
		{D57246B7-FBA1-4164-96E5-44946A41926F} = {A06BDEDD-6329-4099-9162-7698467EE09A}
		{0D33DB6E-893E-4ADE-8685-A92B5A1C8D17} = {C1895C8D-E563-48FB-9A3E-6D7D30507845}
		{9FE1A2A5-5C4F-402E-B372-301F26BAC7DD} = {C1895C8D-E563-48FB-9A3E-6D7D30507845}
		{554AC6AC-61C8-4A10-BDC9-1675CE598AED} = {A06BDEDD-6329-4099-9162-7698467EE09A}
		{E7ED2CE6-3D00-44F9-A59D-9E9DDB873019} = {E8669B74-0882-43F1-940B-DBC1EBF9C525}
		{F149144B-4BC4-4D03-93E5-326E53BA6FEC} = {7374E4E0-21E3-4718-85B5-36DF767BBA6D}
		{766C575C-92FF-4E50-96F4-119149DCD8E9} = {E7ED2CE6-3D00-44F9-A59D-9E9DDB873019}
		{00A1FAB5-BD6B-4DDF-B08B-2EB1BF9C1DEB} = {F149144B-4BC4-4D03-93E5-326E53BA6FEC}
		{A0B84A56-F871-482F-90C2-9DDC3AD78DDD} = {E7ED2CE6-3D00-44F9-A59D-9E9DDB873019}
		{A8FF1391-B1CC-4BA3-A4B4-45EA3C62F0D4} = {E7ED2CE6-3D00-44F9-A59D-9E9DDB873019}
		{EDCA4AE8-B265-46BB-AFDD-6CB8439B3EFC} = {E7ED2CE6-3D00-44F9-A59D-9E9DDB873019}
		{620645D0-0E9C-497A-8F42-2B5541612C8B} = {F149144B-4BC4-4D03-93E5-326E53BA6FEC}
	EndGlobalSection
	GlobalSection(ExtensibilityGlobals) = postSolution
		SolutionGuid = {95B77FF9-D3EB-40B5-B922-436658FC9B93}
	EndGlobalSection
EndGlobal
