
Microsoft Visual Studio Solution File, Format Version 12.00
# Visual Studio Version 17
VisualStudioVersion = 17.8.34511.84
MinimumVisualStudioVersion = 10.0.40219.1
Project("{2150E333-8FDC-42A3-9474-1A3956D46DE8}") = "tests", "tests", "{7374E4E0-21E3-4718-85B5-36DF767BBA6D}"
EndProject
Project("{2150E333-8FDC-42A3-9474-1A3956D46DE8}") = "src", "src", "{E8669B74-0882-43F1-940B-DBC1EBF9C525}"
EndProject
Project("{2150E333-8FDC-42A3-9474-1A3956D46DE8}") = "lesson1", "lesson1", "{4C621A99-3A54-4B15-9AD1-A221D069DDCD}"
EndProject
Project("{9A19103F-16F7-4668-BE54-9A1E7A4F7556}") = "Lesson1Questionnaire", "src\lesson1\Lesson1Anketa\Lesson1Questionnaire.csproj", "{4F400E44-9981-46BA-B3B4-C0485AF6A6C9}"
EndProject
Project("{2150E333-8FDC-42A3-9474-1A3956D46DE8}") = "Элементы решения", "Элементы решения", "{BBF42D37-436A-49F1-956B-1134EA24911C}"
	ProjectSection(SolutionItems) = preProject
		README.md = README.md
	EndProjectSection
EndProject
Project("{2150E333-8FDC-42A3-9474-1A3956D46DE8}") = "lesson1", "lesson1", "{70746829-0102-4EE7-BAA3-D8B54D498786}"
EndProject
Project("{9A19103F-16F7-4668-BE54-9A1E7A4F7556}") = "Lesson1BodyMassIndex", "src\lesson1\Lesson1BodyMassIndex\Lesson1BodyMassIndex.csproj", "{D637E477-466E-4C6B-9A8D-B12E7910315C}"
EndProject
Project("{9A19103F-16F7-4668-BE54-9A1E7A4F7556}") = "Lesson1BodyMassIndexTests", "tests\lesson1\Lesson1BodyMassIndexTests\Lesson1BodyMassIndexTests.csproj", "{2939EC5A-1D30-40A7-9138-4B39C03369C7}"
EndProject
Project("{9A19103F-16F7-4668-BE54-9A1E7A4F7556}") = "Lesson1QuestionnaireTests", "tests\lesson1\Lesson1AnketaTests\Lesson1QuestionnaireTests.csproj", "{B268CAF5-0878-48A9-BF34-375FB2DF4B1C}"
EndProject
Project("{9A19103F-16F7-4668-BE54-9A1E7A4F7556}") = "Lesson1LineLength", "src\lesson1\Lesson1LineLength\Lesson1LineLength.csproj", "{9A46A955-9979-4D70-BF31-C7ED4CD2471A}"
EndProject
Project("{9A19103F-16F7-4668-BE54-9A1E7A4F7556}") = "Lesson1LineLengthTests", "tests\lesson1\Lesson1LineLengthTests\Lesson1LineLengthTests.csproj", "{3BD5FBDB-52D2-4743-A74F-E51117DE639B}"
EndProject
Project("{2150E333-8FDC-42A3-9474-1A3956D46DE8}") = "common", "common", "{22952599-8307-4B7B-9624-BB78889FB681}"
EndProject
Project("{2150E333-8FDC-42A3-9474-1A3956D46DE8}") = "common", "common", "{529D7C39-5E0B-4B2E-9D90-38F7D86FE6A0}"
EndProject
Project("{9A19103F-16F7-4668-BE54-9A1E7A4F7556}") = "Kanadeiar.Common", "src\common\Kanadeiar.Common\Kanadeiar.Common.csproj", "{C44A4284-8ED5-400F-9CAB-0B7F2D6CC9A1}"
EndProject
Project("{9A19103F-16F7-4668-BE54-9A1E7A4F7556}") = "Kanadeiar.CommonTests", "tests\common\Kanadeiar.CommonTests\Kanadeiar.CommonTests.csproj", "{2464EB67-9C97-469D-9773-392D838EBFFC}"
EndProject
Project("{9A19103F-16F7-4668-BE54-9A1E7A4F7556}") = "Lesson1SwapTests", "tests\lesson1\Lesson1SwapTests\Lesson1SwapTests.csproj", "{2B9F8545-0327-48E0-844E-80DBDB15610B}"
EndProject
Project("{9A19103F-16F7-4668-BE54-9A1E7A4F7556}") = "Lesson1Swap", "src\lesson1\Lesson1Swap\Lesson1Swap.csproj", "{805D8332-D17A-448C-8924-A1DD647923FA}"
EndProject
Project("{FAE04EC0-301F-11D3-BF4B-00C04F79EFBC}") = "Lesson1SurNameNameCity", "src\lesson1\Lesson1SurNameNameCity\Lesson1SurNameNameCity.csproj", "{0F51AEDD-68A7-4CCF-A549-AAE605227A51}"
EndProject
Project("{FAE04EC0-301F-11D3-BF4B-00C04F79EFBC}") = "Lesson1SurNameNameCityTests", "tests\lesson1\Lesson1SurNameNameCityTests\Lesson1SurNameNameCityTests.csproj", "{919D6DAE-1FFE-43D1-8B53-006D034A7E57}"
EndProject
Global
	GlobalSection(SolutionConfigurationPlatforms) = preSolution
		Debug|Any CPU = Debug|Any CPU
		Release|Any CPU = Release|Any CPU
	EndGlobalSection
	GlobalSection(ProjectConfigurationPlatforms) = postSolution
		{4F400E44-9981-46BA-B3B4-C0485AF6A6C9}.Debug|Any CPU.ActiveCfg = Debug|Any CPU
		{4F400E44-9981-46BA-B3B4-C0485AF6A6C9}.Debug|Any CPU.Build.0 = Debug|Any CPU
		{4F400E44-9981-46BA-B3B4-C0485AF6A6C9}.Release|Any CPU.ActiveCfg = Release|Any CPU
		{4F400E44-9981-46BA-B3B4-C0485AF6A6C9}.Release|Any CPU.Build.0 = Release|Any CPU
		{D637E477-466E-4C6B-9A8D-B12E7910315C}.Debug|Any CPU.ActiveCfg = Debug|Any CPU
		{D637E477-466E-4C6B-9A8D-B12E7910315C}.Debug|Any CPU.Build.0 = Debug|Any CPU
		{D637E477-466E-4C6B-9A8D-B12E7910315C}.Release|Any CPU.ActiveCfg = Release|Any CPU
		{D637E477-466E-4C6B-9A8D-B12E7910315C}.Release|Any CPU.Build.0 = Release|Any CPU
		{2939EC5A-1D30-40A7-9138-4B39C03369C7}.Debug|Any CPU.ActiveCfg = Debug|Any CPU
		{2939EC5A-1D30-40A7-9138-4B39C03369C7}.Debug|Any CPU.Build.0 = Debug|Any CPU
		{2939EC5A-1D30-40A7-9138-4B39C03369C7}.Release|Any CPU.ActiveCfg = Release|Any CPU
		{2939EC5A-1D30-40A7-9138-4B39C03369C7}.Release|Any CPU.Build.0 = Release|Any CPU
		{B268CAF5-0878-48A9-BF34-375FB2DF4B1C}.Debug|Any CPU.ActiveCfg = Debug|Any CPU
		{B268CAF5-0878-48A9-BF34-375FB2DF4B1C}.Debug|Any CPU.Build.0 = Debug|Any CPU
		{B268CAF5-0878-48A9-BF34-375FB2DF4B1C}.Release|Any CPU.ActiveCfg = Release|Any CPU
		{B268CAF5-0878-48A9-BF34-375FB2DF4B1C}.Release|Any CPU.Build.0 = Release|Any CPU
		{9A46A955-9979-4D70-BF31-C7ED4CD2471A}.Debug|Any CPU.ActiveCfg = Debug|Any CPU
		{9A46A955-9979-4D70-BF31-C7ED4CD2471A}.Debug|Any CPU.Build.0 = Debug|Any CPU
		{9A46A955-9979-4D70-BF31-C7ED4CD2471A}.Release|Any CPU.ActiveCfg = Release|Any CPU
		{9A46A955-9979-4D70-BF31-C7ED4CD2471A}.Release|Any CPU.Build.0 = Release|Any CPU
		{3BD5FBDB-52D2-4743-A74F-E51117DE639B}.Debug|Any CPU.ActiveCfg = Debug|Any CPU
		{3BD5FBDB-52D2-4743-A74F-E51117DE639B}.Debug|Any CPU.Build.0 = Debug|Any CPU
		{3BD5FBDB-52D2-4743-A74F-E51117DE639B}.Release|Any CPU.ActiveCfg = Release|Any CPU
		{3BD5FBDB-52D2-4743-A74F-E51117DE639B}.Release|Any CPU.Build.0 = Release|Any CPU
		{C44A4284-8ED5-400F-9CAB-0B7F2D6CC9A1}.Debug|Any CPU.ActiveCfg = Debug|Any CPU
		{C44A4284-8ED5-400F-9CAB-0B7F2D6CC9A1}.Debug|Any CPU.Build.0 = Debug|Any CPU
		{C44A4284-8ED5-400F-9CAB-0B7F2D6CC9A1}.Release|Any CPU.ActiveCfg = Release|Any CPU
		{C44A4284-8ED5-400F-9CAB-0B7F2D6CC9A1}.Release|Any CPU.Build.0 = Release|Any CPU
		{2464EB67-9C97-469D-9773-392D838EBFFC}.Debug|Any CPU.ActiveCfg = Debug|Any CPU
		{2464EB67-9C97-469D-9773-392D838EBFFC}.Debug|Any CPU.Build.0 = Debug|Any CPU
		{2464EB67-9C97-469D-9773-392D838EBFFC}.Release|Any CPU.ActiveCfg = Release|Any CPU
		{2464EB67-9C97-469D-9773-392D838EBFFC}.Release|Any CPU.Build.0 = Release|Any CPU
		{2B9F8545-0327-48E0-844E-80DBDB15610B}.Debug|Any CPU.ActiveCfg = Debug|Any CPU
		{2B9F8545-0327-48E0-844E-80DBDB15610B}.Debug|Any CPU.Build.0 = Debug|Any CPU
		{2B9F8545-0327-48E0-844E-80DBDB15610B}.Release|Any CPU.ActiveCfg = Release|Any CPU
		{2B9F8545-0327-48E0-844E-80DBDB15610B}.Release|Any CPU.Build.0 = Release|Any CPU
		{805D8332-D17A-448C-8924-A1DD647923FA}.Debug|Any CPU.ActiveCfg = Debug|Any CPU
		{805D8332-D17A-448C-8924-A1DD647923FA}.Debug|Any CPU.Build.0 = Debug|Any CPU
		{805D8332-D17A-448C-8924-A1DD647923FA}.Release|Any CPU.ActiveCfg = Release|Any CPU
		{805D8332-D17A-448C-8924-A1DD647923FA}.Release|Any CPU.Build.0 = Release|Any CPU
		{0F51AEDD-68A7-4CCF-A549-AAE605227A51}.Debug|Any CPU.ActiveCfg = Debug|Any CPU
		{0F51AEDD-68A7-4CCF-A549-AAE605227A51}.Debug|Any CPU.Build.0 = Debug|Any CPU
		{0F51AEDD-68A7-4CCF-A549-AAE605227A51}.Release|Any CPU.ActiveCfg = Release|Any CPU
		{0F51AEDD-68A7-4CCF-A549-AAE605227A51}.Release|Any CPU.Build.0 = Release|Any CPU
		{919D6DAE-1FFE-43D1-8B53-006D034A7E57}.Debug|Any CPU.ActiveCfg = Debug|Any CPU
		{919D6DAE-1FFE-43D1-8B53-006D034A7E57}.Debug|Any CPU.Build.0 = Debug|Any CPU
		{919D6DAE-1FFE-43D1-8B53-006D034A7E57}.Release|Any CPU.ActiveCfg = Release|Any CPU
		{919D6DAE-1FFE-43D1-8B53-006D034A7E57}.Release|Any CPU.Build.0 = Release|Any CPU
	EndGlobalSection
	GlobalSection(SolutionProperties) = preSolution
		HideSolutionNode = FALSE
	EndGlobalSection
	GlobalSection(NestedProjects) = preSolution
		{4C621A99-3A54-4B15-9AD1-A221D069DDCD} = {E8669B74-0882-43F1-940B-DBC1EBF9C525}
		{4F400E44-9981-46BA-B3B4-C0485AF6A6C9} = {4C621A99-3A54-4B15-9AD1-A221D069DDCD}
		{70746829-0102-4EE7-BAA3-D8B54D498786} = {7374E4E0-21E3-4718-85B5-36DF767BBA6D}
		{D637E477-466E-4C6B-9A8D-B12E7910315C} = {4C621A99-3A54-4B15-9AD1-A221D069DDCD}
		{2939EC5A-1D30-40A7-9138-4B39C03369C7} = {70746829-0102-4EE7-BAA3-D8B54D498786}
		{B268CAF5-0878-48A9-BF34-375FB2DF4B1C} = {70746829-0102-4EE7-BAA3-D8B54D498786}
		{9A46A955-9979-4D70-BF31-C7ED4CD2471A} = {4C621A99-3A54-4B15-9AD1-A221D069DDCD}
		{3BD5FBDB-52D2-4743-A74F-E51117DE639B} = {70746829-0102-4EE7-BAA3-D8B54D498786}
		{22952599-8307-4B7B-9624-BB78889FB681} = {E8669B74-0882-43F1-940B-DBC1EBF9C525}
		{529D7C39-5E0B-4B2E-9D90-38F7D86FE6A0} = {7374E4E0-21E3-4718-85B5-36DF767BBA6D}
		{C44A4284-8ED5-400F-9CAB-0B7F2D6CC9A1} = {22952599-8307-4B7B-9624-BB78889FB681}
		{2464EB67-9C97-469D-9773-392D838EBFFC} = {529D7C39-5E0B-4B2E-9D90-38F7D86FE6A0}
		{2B9F8545-0327-48E0-844E-80DBDB15610B} = {70746829-0102-4EE7-BAA3-D8B54D498786}
		{805D8332-D17A-448C-8924-A1DD647923FA} = {4C621A99-3A54-4B15-9AD1-A221D069DDCD}
		{0F51AEDD-68A7-4CCF-A549-AAE605227A51} = {4C621A99-3A54-4B15-9AD1-A221D069DDCD}
		{919D6DAE-1FFE-43D1-8B53-006D034A7E57} = {70746829-0102-4EE7-BAA3-D8B54D498786}
	EndGlobalSection
	GlobalSection(ExtensibilityGlobals) = postSolution
		SolutionGuid = {95B77FF9-D3EB-40B5-B922-436658FC9B93}
	EndGlobalSection
EndGlobal
